# generated by rye
# use `rye lock` or `rye sync` to update this lockfile
#
# last locked with the following flags:
#   pre: false
#   features: []
#   all-features: false
#   with-sources: false

-e file:.
asgiref==3.7.2
django==5.0.2
django-extensions==3.2.3
psycopg2-binary==2.9.9
sqlparse==0.4.4
stringcase==1.2.0
