# generated by rye
# use `rye lock` or `rye sync` to update this lockfile
#
# last locked with the following flags:
#   pre: false
#   features: []
#   all-features: false
#   with-sources: false

-e file:.
asgiref==3.7.2
coverage==7.4.1
django==5.0.2
django-extensions==3.2.3
iniconfig==2.0.0
packaging==23.2
pluggy==1.4.0
psycopg2-binary==2.9.9
pytest==8.0.0
pytest-cov==4.1.0
pytest-django==4.8.0
sqlparse==0.4.4
stringcase==1.2.0
